PODS:
  - FlurrySDK (4.1.0)
  - GoogleAnalytics-iOS-SDK (1.5.1)
  - UIDeviceAddition (1.0)

DEPENDENCIES:
  - FlurrySDK
  - GoogleAnalytics-iOS-SDK (from `https://raw.github.com/CocoaPods/Specs/master/GoogleAnalytics-iOS-SDK/1.5.1/GoogleAnalytics-iOS-SDK.podspec`)
  - UIDeviceAddition

EXTERNAL SOURCES:
  GoogleAnalytics-iOS-SDK:
    :podspec: https://raw.github.com/CocoaPods/Specs/master/GoogleAnalytics-iOS-SDK/1.5.1/GoogleAnalytics-iOS-SDK.podspec

SPEC CHECKSUMS:
  FlurrySDK: 52245ae8c6fa31825dc74a6afb94b861da2435fa
  GoogleAnalytics-iOS-SDK: 018700821fe8e0acbe30760d83c7316965b27966
  UIDeviceAddition: aace2f602768bb2bece8b9a929b9fe5867f91c3f

COCOAPODS: 0.20.2
