
PODS:
- FlurrySDK (4.1.0)
- GoogleAnalytics-iOS-SDK (2.0beta4)
- UIDeviceAddition (1.0)

DEPENDENCIES:
- FlurrySDK
- GoogleAnalytics-iOS-SDK
- UIDeviceAddition

SPEC CHECKSUMS:
  FlurrySDK: 52245ae8c6fa31825dc74a6afb94b861da2435fa
  GoogleAnalytics-iOS-SDK: ae8e58e771b6dec84c0047154cc0e550a15e6f54
  UIDeviceAddition: aace2f602768bb2bece8b9a929b9fe5867f91c3f

COCOAPODS: 0.16.4
